
Microsoft Visual Studio Solution File, Format Version 12.00
# Visual Studio Version 17
VisualStudioVersion = 17.7.34202.233
MinimumVisualStudioVersion = 10.0.40219.1
Project("{8BC9CEB8-8B4A-11D0-8D11-00A0C91BC942}") = "traversal", "traversal\traversal.vcxproj", "{39CC167A-C7F0-40C7-A1FC-E2E3B1C6F2E2}"
EndProject
Project("{8BC9CEB8-8B4A-11D0-8D11-00A0C91BC942}") = "Isomorphism", "Isomorphism\Isomorphism.vcxproj", "{D34BCB38-52F6-4D46-8392-8216767D06D0}"
EndProject
Project("{8BC9CEB8-8B4A-11D0-8D11-00A0C91BC942}") = "infect", "infect\infect.vcxproj", "{1CC8DD70-AE16-4966-8F26-9FC3182DAD10}"
EndProject
Project("{8BC9CEB8-8B4A-11D0-8D11-00A0C91BC942}") = "convert", "convert\convert.vcxproj", "{06D6038A-99BE-4B8F-B065-254E661B8722}"
EndProject
Project("{8BC9CEB8-8B4A-11D0-8D11-00A0C91BC942}") = "LCA", "LCA\LCA.vcxproj", "{4941A0C7-1FE6-41FF-B8C0-DB1A4489F86F}"
EndProject
Project("{8BC9CEB8-8B4A-11D0-8D11-00A0C91BC942}") = "publicAncestor", "publicAncestor\publicAncestor.vcxproj", "{DDEE3D02-E572-4508-8547-297CAA941D03}"
EndProject
Project("{8BC9CEB8-8B4A-11D0-8D11-00A0C91BC942}") = "backTraversal2", "backTraversal2\backTraversal2.vcxproj", "{6DE82CD5-B296-4696-8314-EE407BF44AF8}"
EndProject
Project("{8BC9CEB8-8B4A-11D0-8D11-00A0C91BC942}") = "expressionTree", "expressionTree\expressionTree.vcxproj", "{CCE5D48B-312D-4FAE-9F1C-A35F3334B07E}"
EndProject
Global
	GlobalSection(SolutionConfigurationPlatforms) = preSolution
		Debug|x64 = Debug|x64
		Debug|x86 = Debug|x86
		Release|x64 = Release|x64
		Release|x86 = Release|x86
	EndGlobalSection
	GlobalSection(ProjectConfigurationPlatforms) = postSolution
		{39CC167A-C7F0-40C7-A1FC-E2E3B1C6F2E2}.Debug|x64.ActiveCfg = Debug|x64
		{39CC167A-C7F0-40C7-A1FC-E2E3B1C6F2E2}.Debug|x64.Build.0 = Debug|x64
		{39CC167A-C7F0-40C7-A1FC-E2E3B1C6F2E2}.Debug|x86.ActiveCfg = Debug|Win32
		{39CC167A-C7F0-40C7-A1FC-E2E3B1C6F2E2}.Debug|x86.Build.0 = Debug|Win32
		{39CC167A-C7F0-40C7-A1FC-E2E3B1C6F2E2}.Release|x64.ActiveCfg = Release|x64
		{39CC167A-C7F0-40C7-A1FC-E2E3B1C6F2E2}.Release|x64.Build.0 = Release|x64
		{39CC167A-C7F0-40C7-A1FC-E2E3B1C6F2E2}.Release|x86.ActiveCfg = Release|Win32
		{39CC167A-C7F0-40C7-A1FC-E2E3B1C6F2E2}.Release|x86.Build.0 = Release|Win32
		{D34BCB38-52F6-4D46-8392-8216767D06D0}.Debug|x64.ActiveCfg = Debug|x64
		{D34BCB38-52F6-4D46-8392-8216767D06D0}.Debug|x64.Build.0 = Debug|x64
		{D34BCB38-52F6-4D46-8392-8216767D06D0}.Debug|x86.ActiveCfg = Debug|Win32
		{D34BCB38-52F6-4D46-8392-8216767D06D0}.Debug|x86.Build.0 = Debug|Win32
		{D34BCB38-52F6-4D46-8392-8216767D06D0}.Release|x64.ActiveCfg = Release|x64
		{D34BCB38-52F6-4D46-8392-8216767D06D0}.Release|x64.Build.0 = Release|x64
		{D34BCB38-52F6-4D46-8392-8216767D06D0}.Release|x86.ActiveCfg = Release|Win32
		{D34BCB38-52F6-4D46-8392-8216767D06D0}.Release|x86.Build.0 = Release|Win32
		{1CC8DD70-AE16-4966-8F26-9FC3182DAD10}.Debug|x64.ActiveCfg = Debug|x64
		{1CC8DD70-AE16-4966-8F26-9FC3182DAD10}.Debug|x64.Build.0 = Debug|x64
		{1CC8DD70-AE16-4966-8F26-9FC3182DAD10}.Debug|x86.ActiveCfg = Debug|Win32
		{1CC8DD70-AE16-4966-8F26-9FC3182DAD10}.Debug|x86.Build.0 = Debug|Win32
		{1CC8DD70-AE16-4966-8F26-9FC3182DAD10}.Release|x64.ActiveCfg = Release|x64
		{1CC8DD70-AE16-4966-8F26-9FC3182DAD10}.Release|x64.Build.0 = Release|x64
		{1CC8DD70-AE16-4966-8F26-9FC3182DAD10}.Release|x86.ActiveCfg = Release|Win32
		{1CC8DD70-AE16-4966-8F26-9FC3182DAD10}.Release|x86.Build.0 = Release|Win32
		{06D6038A-99BE-4B8F-B065-254E661B8722}.Debug|x64.ActiveCfg = Debug|x64
		{06D6038A-99BE-4B8F-B065-254E661B8722}.Debug|x64.Build.0 = Debug|x64
		{06D6038A-99BE-4B8F-B065-254E661B8722}.Debug|x86.ActiveCfg = Debug|Win32
		{06D6038A-99BE-4B8F-B065-254E661B8722}.Debug|x86.Build.0 = Debug|Win32
		{06D6038A-99BE-4B8F-B065-254E661B8722}.Release|x64.ActiveCfg = Release|x64
		{06D6038A-99BE-4B8F-B065-254E661B8722}.Release|x64.Build.0 = Release|x64
		{06D6038A-99BE-4B8F-B065-254E661B8722}.Release|x86.ActiveCfg = Release|Win32
		{06D6038A-99BE-4B8F-B065-254E661B8722}.Release|x86.Build.0 = Release|Win32
		{4941A0C7-1FE6-41FF-B8C0-DB1A4489F86F}.Debug|x64.ActiveCfg = Debug|x64
		{4941A0C7-1FE6-41FF-B8C0-DB1A4489F86F}.Debug|x64.Build.0 = Debug|x64
		{4941A0C7-1FE6-41FF-B8C0-DB1A4489F86F}.Debug|x86.ActiveCfg = Debug|Win32
		{4941A0C7-1FE6-41FF-B8C0-DB1A4489F86F}.Debug|x86.Build.0 = Debug|Win32
		{4941A0C7-1FE6-41FF-B8C0-DB1A4489F86F}.Release|x64.ActiveCfg = Release|x64
		{4941A0C7-1FE6-41FF-B8C0-DB1A4489F86F}.Release|x64.Build.0 = Release|x64
		{4941A0C7-1FE6-41FF-B8C0-DB1A4489F86F}.Release|x86.ActiveCfg = Release|Win32
		{4941A0C7-1FE6-41FF-B8C0-DB1A4489F86F}.Release|x86.Build.0 = Release|Win32
		{DDEE3D02-E572-4508-8547-297CAA941D03}.Debug|x64.ActiveCfg = Debug|x64
		{DDEE3D02-E572-4508-8547-297CAA941D03}.Debug|x64.Build.0 = Debug|x64
		{DDEE3D02-E572-4508-8547-297CAA941D03}.Debug|x86.ActiveCfg = Debug|Win32
		{DDEE3D02-E572-4508-8547-297CAA941D03}.Debug|x86.Build.0 = Debug|Win32
		{DDEE3D02-E572-4508-8547-297CAA941D03}.Release|x64.ActiveCfg = Release|x64
		{DDEE3D02-E572-4508-8547-297CAA941D03}.Release|x64.Build.0 = Release|x64
		{DDEE3D02-E572-4508-8547-297CAA941D03}.Release|x86.ActiveCfg = Release|Win32
		{DDEE3D02-E572-4508-8547-297CAA941D03}.Release|x86.Build.0 = Release|Win32
		{6DE82CD5-B296-4696-8314-EE407BF44AF8}.Debug|x64.ActiveCfg = Debug|x64
		{6DE82CD5-B296-4696-8314-EE407BF44AF8}.Debug|x64.Build.0 = Debug|x64
		{6DE82CD5-B296-4696-8314-EE407BF44AF8}.Debug|x86.ActiveCfg = Debug|Win32
		{6DE82CD5-B296-4696-8314-EE407BF44AF8}.Debug|x86.Build.0 = Debug|Win32
		{6DE82CD5-B296-4696-8314-EE407BF44AF8}.Release|x64.ActiveCfg = Release|x64
		{6DE82CD5-B296-4696-8314-EE407BF44AF8}.Release|x64.Build.0 = Release|x64
		{6DE82CD5-B296-4696-8314-EE407BF44AF8}.Release|x86.ActiveCfg = Release|Win32
		{6DE82CD5-B296-4696-8314-EE407BF44AF8}.Release|x86.Build.0 = Release|Win32
		{CCE5D48B-312D-4FAE-9F1C-A35F3334B07E}.Debug|x64.ActiveCfg = Debug|x64
		{CCE5D48B-312D-4FAE-9F1C-A35F3334B07E}.Debug|x64.Build.0 = Debug|x64
		{CCE5D48B-312D-4FAE-9F1C-A35F3334B07E}.Debug|x86.ActiveCfg = Debug|Win32
		{CCE5D48B-312D-4FAE-9F1C-A35F3334B07E}.Debug|x86.Build.0 = Debug|Win32
		{CCE5D48B-312D-4FAE-9F1C-A35F3334B07E}.Release|x64.ActiveCfg = Release|x64
		{CCE5D48B-312D-4FAE-9F1C-A35F3334B07E}.Release|x64.Build.0 = Release|x64
		{CCE5D48B-312D-4FAE-9F1C-A35F3334B07E}.Release|x86.ActiveCfg = Release|Win32
		{CCE5D48B-312D-4FAE-9F1C-A35F3334B07E}.Release|x86.Build.0 = Release|Win32
	EndGlobalSection
	GlobalSection(SolutionProperties) = preSolution
		HideSolutionNode = FALSE
	EndGlobalSection
	GlobalSection(ExtensibilityGlobals) = postSolution
		SolutionGuid = {E68A0B7C-F544-4ABB-936C-C7F1F46C117C}
	EndGlobalSection
EndGlobal
